<?xml version="1.0" encoding="utf-8"?>
<Project ToolsVersion="4.0" xmlns="http://schemas.microsoft.com/developer/msbuild/2003">
  <ItemGroup>
    <Filter Include="Source Files">
      <UniqueIdentifier>{4FC737F1-C7A5-4376-A066-2A32D752A2FF}</UniqueIdentifier>
      <Extensions>cpp;c;cc;cxx;c++;cppm;ixx;def;odl;idl;hpj;bat;asm;asmx</Extensions>
    </Filter>
    <Filter Include="Header Files">
      <UniqueIdentifier>{93995380-89BD-4b04-88EB-625FBE52EBFB}</UniqueIdentifier>
      <Extensions>h;hh;hpp;hxx;h++;hm;inl;inc;ipp;xsd</Extensions>
    </Filter>
    <Filter Include="Resource Files">
      <UniqueIdentifier>{67DA6AB6-F800-4c08-8B7A-83BB121AAD01}</UniqueIdentifier>
      <Extensions>rc;ico;cur;bmp;dlg;rc2;rct;bin;rgs;gif;jpg;jpeg;jpe;resx;tiff;tif;png;wav;mfcribbon-ms</Extensions>
    </Filter>
    <Filter Include="Source Files\Lua">
      <UniqueIdentifier>{00fdf986-725f-466b-82c6-71b4e8745478}</UniqueIdentifier>
    </Filter>
  </ItemGroup>
  <ItemGroup>
    <ClInclude Include="framework.h">
      <Filter>Header Files</Filter>
    </ClInclude>
    <ClInclude Include="pch.h">
      <Filter>Header Files</Filter>
    </ClInclude>
    <ClInclude Include="FableAPI.h">
      <Filter>Source Files</Filter>
    </ClInclude>
    <ClInclude Include="GameInterface.h">
      <Filter>Source Files</Filter>
    </ClInclude>
    <ClInclude Include="LuaManager.h">
      <Filter>Source Files</Filter>
    </ClInclude>
    <ClInclude Include="..\Vendor\lua\lapi.h">
      <Filter>Source Files\Lua</Filter>
    </ClInclude>
    <ClInclude Include="..\Vendor\lua\lauxlib.h">
      <Filter>Source Files\Lua</Filter>
    </ClInclude>
    <ClInclude Include="..\Vendor\lua\lcode.h">
      <Filter>Source Files\Lua</Filter>
    </ClInclude>
    <ClInclude Include="..\Vendor\lua\lctype.h">
      <Filter>Source Files\Lua</Filter>
    </ClInclude>
    <ClInclude Include="..\Vendor\lua\ldebug.h">
      <Filter>Source Files\Lua</Filter>
    </ClInclude>
    <ClInclude Include="..\Vendor\lua\ldo.h">
      <Filter>Source Files\Lua</Filter>
    </ClInclude>
    <ClInclude Include="..\Vendor\lua\lfunc.h">
      <Filter>Source Files\Lua</Filter>
    </ClInclude>
    <ClInclude Include="..\Vendor\lua\lgc.h">
      <Filter>Source Files\Lua</Filter>
    </ClInclude>
    <ClInclude Include="..\Vendor\lua\ljumptab.h">
      <Filter>Source Files\Lua</Filter>
    </ClInclude>
    <ClInclude Include="..\Vendor\lua\llex.h">
      <Filter>Source Files\Lua</Filter>
    </ClInclude>
    <ClInclude Include="..\Vendor\lua\llimits.h">
      <Filter>Source Files\Lua</Filter>
    </ClInclude>
    <ClInclude Include="..\Vendor\lua\lmem.h">
      <Filter>Source Files\Lua</Filter>
    </ClInclude>
    <ClInclude Include="..\Vendor\lua\lobject.h">
      <Filter>Source Files\Lua</Filter>
    </ClInclude>
    <ClInclude Include="..\Vendor\lua\lopcodes.h">
      <Filter>Source Files\Lua</Filter>
    </ClInclude>
    <ClInclude Include="..\Vendor\lua\lopnames.h">
      <Filter>Source Files\Lua</Filter>
    </ClInclude>
    <ClInclude Include="..\Vendor\lua\lparser.h">
      <Filter>Source Files\Lua</Filter>
    </ClInclude>
    <ClInclude Include="..\Vendor\lua\lprefix.h">
      <Filter>Source Files\Lua</Filter>
    </ClInclude>
    <ClInclude Include="..\Vendor\lua\lstate.h">
      <Filter>Source Files\Lua</Filter>
    </ClInclude>
    <ClInclude Include="..\Vendor\lua\lstring.h">
      <Filter>Source Files\Lua</Filter>
    </ClInclude>
    <ClInclude Include="..\Vendor\lua\ltable.h">
      <Filter>Source Files\Lua</Filter>
    </ClInclude>
    <ClInclude Include="..\Vendor\lua\ltm.h">
      <Filter>Source Files\Lua</Filter>
    </ClInclude>
    <ClInclude Include="..\Vendor\lua\lua.h">
      <Filter>Source Files\Lua</Filter>
    </ClInclude>
    <ClInclude Include="..\Vendor\lua\lua.hpp">
      <Filter>Source Files\Lua</Filter>
    </ClInclude>
    <ClInclude Include="..\Vendor\lua\luaconf.h">
      <Filter>Source Files\Lua</Filter>
    </ClInclude>
    <ClInclude Include="..\Vendor\lua\lualib.h">
      <Filter>Source Files\Lua</Filter>
    </ClInclude>
    <ClInclude Include="..\Vendor\lua\lundump.h">
      <Filter>Source Files\Lua</Filter>
    </ClInclude>
    <ClInclude Include="..\Vendor\lua\lvm.h">
      <Filter>Source Files\Lua</Filter>
    </ClInclude>
    <ClInclude Include="..\Vendor\lua\lzio.h">
      <Filter>Source Files\Lua</Filter>
    </ClInclude>
    <ClInclude Include="LuaQuestHost.h">
      <Filter>Source Files</Filter>
    </ClInclude>
    <ClInclude Include="LuaQuestState.h">
      <Filter>Source Files</Filter>
    </ClInclude>
    <ClInclude Include="LuaEntityHost.h">
      <Filter>Source Files</Filter>
    </ClInclude>
    <ClInclude Include="resource.h">
      <Filter>Header Files</Filter>
    </ClInclude>
    <ClInclude Include="EntityScriptingAPI.h">
      <Filter>Source Files</Filter>
    </ClInclude>
    <ClInclude Include="LuaEntityAPI.h">
      <Filter>Source Files</Filter>
    </ClInclude>
    <ClInclude Include="MasterQuest.h">
      <Filter>Source Files</Filter>
    </ClInclude>
  </ItemGroup>
  <ItemGroup>
    <ClCompile Include="dllmain.cpp">
      <Filter>Source Files</Filter>
    </ClCompile>
    <ClCompile Include="FableAPI.cpp">
      <Filter>Source Files</Filter>
    </ClCompile>
    <ClCompile Include="GameInterface.cpp">
      <Filter>Source Files</Filter>
    </ClCompile>
    <ClCompile Include="LuaManager.cpp">
      <Filter>Source Files</Filter>
    </ClCompile>
    <ClCompile Include="..\Vendor\lua\lapi.c">
      <Filter>Source Files\Lua</Filter>
    </ClCompile>
    <ClCompile Include="..\Vendor\lua\lauxlib.c">
      <Filter>Source Files\Lua</Filter>
    </ClCompile>
    <ClCompile Include="..\Vendor\lua\lbaselib.c">
      <Filter>Source Files\Lua</Filter>
    </ClCompile>
    <ClCompile Include="..\Vendor\lua\lcode.c">
      <Filter>Source Files\Lua</Filter>
    </ClCompile>
    <ClCompile Include="..\Vendor\lua\lcorolib.c">
      <Filter>Source Files\Lua</Filter>
    </ClCompile>
    <ClCompile Include="..\Vendor\lua\lctype.c">
      <Filter>Source Files\Lua</Filter>
    </ClCompile>
    <ClCompile Include="..\Vendor\lua\ldblib.c">
      <Filter>Source Files\Lua</Filter>
    </ClCompile>
    <ClCompile Include="..\Vendor\lua\ldebug.c">
      <Filter>Source Files\Lua</Filter>
    </ClCompile>
    <ClCompile Include="..\Vendor\lua\ldo.c">
      <Filter>Source Files\Lua</Filter>
    </ClCompile>
    <ClCompile Include="..\Vendor\lua\ldump.c">
      <Filter>Source Files\Lua</Filter>
    </ClCompile>
    <ClCompile Include="..\Vendor\lua\lfunc.c">
      <Filter>Source Files\Lua</Filter>
    </ClCompile>
    <ClCompile Include="..\Vendor\lua\lgc.c">
      <Filter>Source Files\Lua</Filter>
    </ClCompile>
    <ClCompile Include="..\Vendor\lua\linit.c">
      <Filter>Source Files\Lua</Filter>
    </ClCompile>
    <ClCompile Include="..\Vendor\lua\liolib.c">
      <Filter>Source Files\Lua</Filter>
    </ClCompile>
    <ClCompile Include="..\Vendor\lua\llex.c">
      <Filter>Source Files\Lua</Filter>
    </ClCompile>
    <ClCompile Include="..\Vendor\lua\lmathlib.c">
      <Filter>Source Files\Lua</Filter>
    </ClCompile>
    <ClCompile Include="..\Vendor\lua\lmem.c">
      <Filter>Source Files\Lua</Filter>
    </ClCompile>
    <ClCompile Include="..\Vendor\lua\loadlib.c">
      <Filter>Source Files\Lua</Filter>
    </ClCompile>
    <ClCompile Include="..\Vendor\lua\lobject.c">
      <Filter>Source Files\Lua</Filter>
    </ClCompile>
    <ClCompile Include="..\Vendor\lua\lopcodes.c">
      <Filter>Source Files\Lua</Filter>
    </ClCompile>
    <ClCompile Include="..\Vendor\lua\loslib.c">
      <Filter>Source Files\Lua</Filter>
    </ClCompile>
    <ClCompile Include="..\Vendor\lua\lparser.c">
      <Filter>Source Files\Lua</Filter>
    </ClCompile>
    <ClCompile Include="..\Vendor\lua\lstate.c">
      <Filter>Source Files\Lua</Filter>
    </ClCompile>
    <ClCompile Include="..\Vendor\lua\lstring.c">
      <Filter>Source Files\Lua</Filter>
    </ClCompile>
    <ClCompile Include="..\Vendor\lua\lstrlib.c">
      <Filter>Source Files\Lua</Filter>
    </ClCompile>
    <ClCompile Include="..\Vendor\lua\ltable.c">
      <Filter>Source Files\Lua</Filter>
    </ClCompile>
    <ClCompile Include="..\Vendor\lua\ltablib.c">
      <Filter>Source Files\Lua</Filter>
    </ClCompile>
    <ClCompile Include="..\Vendor\lua\ltm.c">
      <Filter>Source Files\Lua</Filter>
    </ClCompile>
    <ClCompile Include="..\Vendor\lua\lundump.c">
      <Filter>Source Files\Lua</Filter>
    </ClCompile>
    <ClCompile Include="..\Vendor\lua\lutf8lib.c">
      <Filter>Source Files\Lua</Filter>
    </ClCompile>
    <ClCompile Include="..\Vendor\lua\lvm.c">
      <Filter>Source Files\Lua</Filter>
    </ClCompile>
    <ClCompile Include="..\Vendor\lua\lzio.c">
      <Filter>Source Files\Lua</Filter>
    </ClCompile>
    <ClCompile Include="LuaQuestState.cpp">
      <Filter>Source Files</Filter>
    </ClCompile>
    <ClCompile Include="LuaQuestHost.cpp">
      <Filter>Source Files</Filter>
    </ClCompile>
    <ClCompile Include="LuaEntityHost.cpp">
      <Filter>Source Files</Filter>
    </ClCompile>
    <ClCompile Include="LuaEntityAPI.cpp">
      <Filter>Source Files</Filter>
    </ClCompile>
  </ItemGroup>
  <ItemGroup>
    <ResourceCompile Include="FableScriptExtender.rc">
      <Filter>Resource Files</Filter>
    </ResourceCompile>
  </ItemGroup>
</Project>